
Microsoft Visual Studio Solution File, Format Version 11.00
# Visual Studio 2010
Project("{FAE04EC0-301F-11D3-BF4B-00C04F79EFBC}") = "u3", "Assembly-CSharp.csproj", "{854EFEC9-2BCE-BC60-6BA6-827BE19E0475}"
EndProject
Global
	GlobalSection(SolutionConfigurationPlatforms) = preSolution
		Debug|Any CPU = Debug|Any CPU
		Release|Any CPU = Release|Any CPU
	EndGlobalSection
	GlobalSection(ProjectConfigurationPlatforms) = postSolution
		{854EFEC9-2BCE-BC60-6BA6-827BE19E0475}.Debug|Any CPU.ActiveCfg = Debug|Any CPU
		{854EFEC9-2BCE-BC60-6BA6-827BE19E0475}.Debug|Any CPU.Build.0 = Debug|Any CPU
		{854EFEC9-2BCE-BC60-6BA6-827BE19E0475}.Release|Any CPU.ActiveCfg = Release|Any CPU
		{854EFEC9-2BCE-BC60-6BA6-827BE19E0475}.Release|Any CPU.Build.0 = Release|Any CPU
	EndGlobalSection
	GlobalSection(SolutionProperties) = preSolution
		HideSolutionNode = FALSE
	EndGlobalSection
	GlobalSection(MonoDevelopProperties) = preSolution
		StartupItem = Assembly-CSharp.csproj
	EndGlobalSection
EndGlobal
